
Microsoft Visual Studio Solution File, Format Version 12.00
# Visual Studio 15
VisualStudioVersion = 15.0.26430.14
MinimumVisualStudioVersion = 10.0.40219.1
Project("{FAE04EC0-301F-11D3-BF4B-00C04F79EFBC}") = "LITT", "LITT\LITT.csproj", "{00828383-0297-499A-9119-79F357E2934E}"
EndProject
Global
	GlobalSection(SolutionConfigurationPlatforms) = preSolution
		Debug|Any CPU = Debug|Any CPU
		Release|Any CPU = Release|Any CPU
	EndGlobalSection
	GlobalSection(ProjectConfigurationPlatforms) = postSolution
		{00828383-0297-499A-9119-79F357E2934E}.Debug|Any CPU.ActiveCfg = Debug|Any CPU
		{00828383-0297-499A-9119-79F357E2934E}.Debug|Any CPU.Build.0 = Debug|Any CPU
		{00828383-0297-499A-9119-79F357E2934E}.Release|Any CPU.ActiveCfg = Release|Any CPU
		{00828383-0297-499A-9119-79F357E2934E}.Release|Any CPU.Build.0 = Release|Any CPU
	EndGlobalSection
	GlobalSection(SolutionProperties) = preSolution
		HideSolutionNode = FALSE
	EndGlobalSection
EndGlobal
